filippo.io/edwards25519 v1.1.0 h1:FNf4tywRC1HmFuKW5xopWpigGjJKiJSV0Cqo0cJWDaA=
filippo.io/edwards25519 v1.1.0/go.mod h1:BxyFTGdWcka3PhytdK4V28tE5sGfRvvvRV7EaN4VDT4=
github.com/aws/aws-sdk-go-v2 v1.44.0 h1:4IbaHhtzy+4h37z4JQyO9a2QsiCml3CNYHtq5hIHigo=
github.com/aws/aws-sdk-go-v2 v1.44.0/go.mod h1:bttEH6JqnUL8LepvDVfdrds/fZ5bCIxzpe3abyUrhDU=
github.com/aws/aws-sdk-go-v2/aws/protocol/eventstream v1.7.20 h1:GPRlPwz40I2B2VrBEASOA3Bi77NyeqejNLkifosX0rs=
github.com/aws/aws-sdk-go-v2/aws/protocol/eventstream v1.7.20/go.mod h1:g7PNzKcsOKWb4fkSRBA7BZVAS6Y8IcxzN+nRohhQ1Q8=
github.com/aws/aws-sdk-go-v2/config v1.32.40 h1:lAVC9gMmKusmqDRe32dPtgKl/BWvJmMJoWELKHCAObw=
github.com/aws/aws-sdk-go-v2/config v1.32.40/go.mod h1:8xOJLbe/hOj1g4PVsfJYV7O2byq+UGET1onDdUgbwqc=
github.com/aws/aws-sdk-go-v2/credentials v1.19.39 h1:XOg8LC3Kgnsa3WiPQjc7Bi8k5IBN92cPYfIV9XMFss0=
github.com/aws/aws-sdk-go-v2/credentials v1.19.39/go.mod h1:GonTDBQ+mTpCVNwaHjj0PagspfrYYMEqOx7FehoEP/I=
github.com/aws/aws-sdk-go-v2/feature/ec2/imds v1.18.40 h1:r5aGipEVgI9aT/tAGjdrPbDQvIAKdTrS3rUPQtG4Rmo=
github.com/aws/aws-sdk-go-v2/feature/ec2/imds v1.18.40/go.mod h1:vOD3CnPxAdkL6MWZeROkZsTlskklMFfgVFkHzx/oZpY=
github.com/aws/aws-sdk-go-v2/feature/s3/transfermanager v0.3.17 h1:iaRKlzSsJF9WXWfJ931yUVTJitctfPh/NUwch/ycE2M=
github.com/aws/aws-sdk-go-v2/feature/s3/transfermanager v0.3.17/go.mod h1:m0VwdTtqNmb3sBshFlLs4t6mquWho1/s9hZ/nlmHJeY=
github.com/aws/aws-sdk-go-v2/internal/configsources v1.4.40 h1:UIXlbijuB2XK1Kr57fo8iIxCuaSHJzwZ1uo+2tbEYIk=
github.com/aws/aws-sdk-go-v2/internal/configsources v1.4.40/go.mod h1:wcEsL6jscjZjVUinb0Q5qD/GXOG1yT3GNfmT9HuDwzU=
github.com/aws/aws-sdk-go-v2/internal/endpoints/v2 v2.7.40 h1:xLQVRDs2NddDmK9BEyh5KSlJ1Gpy5/GIJXrV6WcVGAE=
github.com/aws/aws-sdk-go-v2/internal/endpoints/v2 v2.7.40/go.mod h1:XRXnpFVFGLaEVK+olDdFIM1vNa04ETW452oFGEPUxAo=
github.com/aws/aws-sdk-go-v2/internal/v4a v1.4.41 h1:nv/ILuCY0yXACzMQwvtt/HbqDDjemZiI0AeDbxGQlnU=
github.com/aws/aws-sdk-go-v2/internal/v4a v1.4.41/go.mod h1:dzvOSpxaPqQ3j0xS6Lc1vyVuWW0RBj7s/QqYpzu3Q/0=
github.com/aws/aws-sdk-go-v2/service/internal/accept-encoding v1.13.19 h1:bAdDl/HkGCcGPoe25ToSHEw23VIxt6CT5fLcg111BKg=
github.com/aws/aws-sdk-go-v2/service/internal/accept-encoding v1.13.19/go.mod h1:KaUzbLxv4CeSxh6ZCl9B4m7CuFenS8kUEaDs+f/DQr4=
github.com/aws/aws-sdk-go-v2/service/internal/checksum v1.10.0 h1:U8/A0RRBaEspzH1uul3JHLbypXwEGUkRkvoT9f0ATcM=
github.com/aws/aws-sdk-go-v2/service/internal/checksum v1.10.0/go.mod h1:UELStX5KwtJNtQxa+UuF8dc3z4UYc40e8yHYJSozNwY=
github.com/aws/aws-sdk-go-v2/service/internal/presigned-url v1.13.40 h1:gr3Fw1cxZXNCdeo/lQ7isHEHzvHVM7z75qb2zW9aMjw=
github.com/aws/aws-sdk-go-v2/service/internal/presigned-url v1.13.40/go.mod h1:8z/9CmfnQhiuXD7Ykbcg4a/whSWsniE0ODSx9uwVzfk=
github.com/aws/aws-sdk-go-v2/service/internal/s3shared v1.19.41 h1:Q9DIKDuJix/oJnQxFpQ26L0EwVa/YNo4k2kbktrjQjE=
github.com/aws/aws-sdk-go-v2/service/internal/s3shared v1.19.41/go.mod h1:x+TuqkOIG1SZS0+yN54sExGA9ZpjhPO6vPdYnpTFX1M=
github.com/aws/aws-sdk-go-v2/service/s3 v1.108.0 h1:Yp+x5PKXEmoqHsgP/pAkBy5Tyq1UlXAzM0OInh0vxWw=
github.com/aws/aws-sdk-go-v2/service/s3 v1.108.0/go.mod h1:locV6DtXyp7Xzr2BG6jtsbeBi3YAWJ/CY4xUThYmIwQ=
github.com/aws/aws-sdk-go-v2/service/signin v1.6.0 h1:agcr0j8YeFEzdXNo17Rg9MbbjLRjrimabwNtji4e+lU=
github.com/aws/aws-sdk-go-v2/service/signin v1.6.0/go.mod h1:qU5PxgQ4JiUOOMotzfO3+5oUda5W+8JDVKyLQqlrJik=
github.com/aws/aws-sdk-go-v2/service/sso v1.34.0 h1:FxaN8/sn61DTXNI6Gt678tFJUY8iUsCchm6Y/F/RjaA=
github.com/aws/aws-sdk-go-v2/service/sso v1.34.0/go.mod h1:vu4OY6s8LJtT8BtYG2LD6BGSZMptkYn3o5hvCPB22jc=
github.com/aws/aws-sdk-go-v2/service/ssooidc v1.39.0 h1:crWKPeGYTBTuBxQ3p73kjfJvt4brUIsr+Fuypko8FxY=
github.com/aws/aws-sdk-go-v2/service/ssooidc v1.39.0/go.mod h1:HjjZVhaBz0JBR/kbWKThmNDhFKS7y6EURuk493tJk9Y=
github.com/aws/aws-sdk-go-v2/service/sts v1.46.0 h1:IZ63JdogSNNjex/jsODNv7jGDcO/xJYd9FsgyfCsp1g=
github.com/aws/aws-sdk-go-v2/service/sts v1.46.0/go.mod h1:I+rwAf3spG5dITBaAo3xXRowk8kiOhtU1kYxfvCTC44=
github.com/aws/smithy-go v1.28.1 h1:R/nXH00c8qcfCzQVELtRw+eLQWtzv+VAIEFJ1/xxXlQ=
github.com/aws/smithy-go v1.28.1/go.mod h1:YE2RhdIuDbA5E5bTdciG9KrW3+TiEONeUWCqxX9i1Fc=
github.com/chzyer/logex v1.1.10/go.mod h1:+Ywpsq7O8HXn0nuIou7OrIPyXbp3wmkHB+jjWRnGsAI=
github.com/chzyer/logex v1.2.1 h1:XHDu3E6q+gdHgsdTPH6ImJMIp436vR6MPtH8gP05QzM=
github.com/chzyer/logex v1.2.1/go.mod h1:JLbx6lG2kDbNRFnfkgvh4eRJRPX1QCoOIWomwysCBrQ=
github.com/chzyer/readline v0.0.0-20180603132655-2972be24d48e/go.mod h1:nSuG5e5PlCu98SY8svDHJxuZscDgtXS6KTTbou5AhLI=
github.com/chzyer/readline v1.5.1 h1:upd/6fQk4src78LMRzh5vItIt361/o4uq553V8B5sGI=
github.com/chzyer/readline v1.5.1/go.mod h1:Eh+b79XXUwfKfcPLepksvw2tcLE/Ct21YObkaSkeBlk=
github.com/chzyer/test v0.0.0-20180213035817-a1ea475d72b1/go.mod h1:Q3SI9o4m/ZMnBNeIyt5eFwwo7qiLfzFZmjNmxjkiQlU=
github.com/chzyer/test v1.0.0 h1:p3BQDXSxOhOG0P9z6/hGnII4LGiEPOYBhs8asl/fC04=
github.com/chzyer/test v1.0.0/go.mod h1:2JlltgoNkt4TW/z9V/IzDdFaMTM2JPIi26O1pF38GC8=
github.com/cpuguy83/go-md2man/v2 v2.0.7 h1:zbFlGlXEAKlwXpmvle3d8Oe3YnkKIK4xSRTd3sHPnBo=
github.com/cpuguy83/go-md2man/v2 v2.0.7/go.mod h1:oOW0eioCTA6cOiMLiUPZOpcVxMig6NIQQ7OS05n1F4g=
github.com/go-sql-driver/mysql v1.8.1 h1:LedoTUt/eveggdHS9qUFC1EFSa8bU2+1pZjSRpvNJ1Y=
github.com/go-sql-driver/mysql v1.8.1/go.mod h1:wEBSXgmK//2ZFJyE+qWnIsVGmvmEKlqwuVSjsCm7DZg=
github.com/google/go-cmp v0.3.1/go.mod h1:8QqcDgzrUqlUb/G2PQTWiueGozuR1884gddMywk6iLU=
github.com/jmoiron/sqlx v1.4.0 h1:1PLqN7S1UYp5t4SrVVnt4nUVNemrDAtxlulVe+Qgm3o=
github.com/jmoiron/sqlx v1.4.0/go.mod h1:ZrZ7UsYB/weZdl2Bxg6jCRO9c3YHl8r3ahlKmRT4JLY=
github.com/lib/pq v1.10.9 h1:YXG7RB+JIjhP29X+OtkiDnYaXQwpS4JEWq7dtCCRUEw=
github.com/lib/pq v1.10.9/go.mod h1:AlVN5x4E4T544tWzH6hKfbfQvm3HdbOxrmggDNAPY9o=
github.com/manifoldco/promptui v0.9.0 h1:3V4HzJk1TtXW1MTZMP7mdlwbBpIinw3HztaIlYthEiA=
github.com/manifoldco/promptui v0.9.0/go.mod h1:ka04sppxSGFAtxX0qhlYQjISsg9mR4GWtQEhdbn6Pgg=
github.com/mattn/go-sqlite3 v1.14.22/go.mod h1:Uh1q+B4BYcTPb+yiD3kU8Ct7aC0hY9fxUwlHK0RXw+Y=
github.com/mattn/go-sqlite3 v1.14.50 h1:dmdFvo1XG4MPzA4IkAmE9upVz/Nj31uRoM5+jC8hYbY=
github.com/mattn/go-sqlite3 v1.14.50/go.mod h1:6JTjA44L93a0QCyJef5YvlPoKXntQPjzWv5gtm9sB6w=
github.com/pelletier/go-toml v1.9.5 h1:4yBQzkHv+7BHq2PQUZF3Mx0IYxG7LsP222s7Agd3ve8=
github.com/pelletier/go-toml v1.9.5/go.mod h1:u1nR/EPcESfeI/szUZKdtJ0xRNbUoANCkoOuaOx1Y+c=
github.com/russross/blackfriday/v2 v2.1.0 h1:JIOH55/0cWyOuilr9/qlrm0BSXldqnqwMsf35Ld67mk=
github.com/russross/blackfriday/v2 v2.1.0/go.mod h1:+Rmxgy9KzJVeS9/2gXHxylqXiyQDYRxCVz55jmeOWTM=
github.com/urfave/cli/v2 v2.27.7 h1:bH59vdhbjLv3LAvIu6gd0usJHgoTTPhCFib8qqOwXYU=
github.com/urfave/cli/v2 v2.27.7/go.mod h1:CyNAG/xg+iAOg0N4MPGZqVmv2rCoP267496AOXUZjA4=
github.com/xrash/smetrics v0.0.0-20250705151800-55b8f293f342 h1:FnBeRrxr7OU4VvAzt5X7s6266i6cSVkkFPS0TuXWbIg=
github.com/xrash/smetrics v0.0.0-20250705151800-55b8f293f342/go.mod h1:Ohn+xnUBiLI6FVj/9LpzZWtj1/D6lUovWYBkxHVV3aM=
github.com/y-yagi/configure v0.3.0 h1:wPnzJ3/sYzT6HM69VgN+W7De7RreY4V0Z+zjhddANic=
github.com/y-yagi/configure v0.3.0/go.mod h1:yAbu6cV1EUgS3kKEuYGc0KRv3aRDhIeBghGfSe5uWZY=
github.com/y-yagi/goext v0.6.0 h1:kOa5CbcuZlVzjQM5U2EH16pu6P6tWc7/XQrIxlCyltM=
github.com/y-yagi/goext v0.6.0/go.mod h1:n/8nSrIm39oaYJr+mJxMOS/VuAL4ZF6ZMAevjv5DdI4=
golang.org/x/sys v0.0.0-20181122145206-62eef0e2fa9b/go.mod h1:STP8DvDyc/dI5b8T5hshtkjS+E42TnysNCUPdjciGhY=
golang.org/x/sys v0.0.0-20220310020820-b874c991c1a5/go.mod h1:oPkhp1MJrh7nUepCBck5+mAzfO9JrbApNNgaTdGDITg=
golang.org/x/sys v0.35.0 h1:vz1N37gP5bs89s7He8XuIYXpyY0+QlsKmzipCbUtyxI=
golang.org/x/sys v0.35.0/go.mod h1:BJP2sWEmIv4KK5OTEluFJCKSidICx8ciO85XgH3Ak8k=
